// !$*UTF8*$!
{
	archiveVersion = 1;
	classes = {
	};
	objectVersion = 48;
	objects = {

/* Begin PBXBuildFile section */
		BF1447192019F44900FF8C3B /* AppDelegate.swift in Sources */ = {isa = PBXBuildFile; fileRef = BF1447182019F44900FF8C3B /* AppDelegate.swift */; };
		BF14471B2019F44900FF8C3B /* ExampleViewController.swift in Sources */ = {isa = PBXBuildFile; fileRef = BF14471A2019F44900FF8C3B /* ExampleViewController.swift */; };
		BF14471E2019F44900FF8C3B /* Main.storyboard in Resources */ = {isa = PBXBuildFile; fileRef = BF14471C2019F44900FF8C3B /* Main.storyboard */; };
		BF1447202019F44900FF8C3B /* Assets.xcassets in Resources */ = {isa = PBXBuildFile; fileRef = BF14471F2019F44900FF8C3B /* Assets.xcassets */; };
		BF1447232019F44900FF8C3B /* LaunchScreen.storyboard in Resources */ = {isa = PBXBuildFile; fileRef = BF1447212019F44900FF8C3B /* LaunchScreen.storyboard */; };
		BFABCD062019FF9600450632 /* ArrayChoiceTableViewController.swift in Sources */ = {isa = PBXBuildFile; fileRef = BFABCD052019FF9600450632 /* ArrayChoiceTableViewController.swift */; };
		BFABCD08201A00CC00450632 /* AlwaysShowPopup.swift in Sources */ = {isa = PBXBuildFile; fileRef = BFABCD07201A00CC00450632 /* AlwaysShowPopup.swift */; };
/* End PBXBuildFile section */

/* Begin PBXFileReference section */
		BF1447152019F44900FF8C3B /* ChoicePopup.app */ = {isa = PBXFileReference; explicitFileType = wrapper.application; includeInIndex = 0; path = ChoicePopup.app; sourceTree = BUILT_PRODUCTS_DIR; };
		BF1447182019F44900FF8C3B /* AppDelegate.swift */ = {isa = PBXFileReference; lastKnownFileType = sourcecode.swift; path = AppDelegate.swift; sourceTree = "<group>"; };
		BF14471A2019F44900FF8C3B /* ExampleViewController.swift */ = {isa = PBXFileReference; lastKnownFileType = sourcecode.swift; path = ExampleViewController.swift; sourceTree = "<group>"; };
		BF14471D2019F44900FF8C3B /* Base */ = {isa = PBXFileReference; lastKnownFileType = file.storyboard; name = Base; path = Base.lproj/Main.storyboard; sourceTree = "<group>"; };
		BF14471F2019F44900FF8C3B /* Assets.xcassets */ = {isa = PBXFileReference; lastKnownFileType = folder.assetcatalog; path = Assets.xcassets; sourceTree = "<group>"; };
		BF1447222019F44900FF8C3B /* Base */ = {isa = PBXFileReference; lastKnownFileType = file.storyboard; name = Base; path = Base.lproj/LaunchScreen.storyboard; sourceTree = "<group>"; };
		BF1447242019F44900FF8C3B /* Info.plist */ = {isa = PBXFileReference; lastKnownFileType = text.plist.xml; path = Info.plist; sourceTree = "<group>"; };
		BFABCD052019FF9600450632 /* ArrayChoiceTableViewController.swift */ = {isa = PBXFileReference; lastKnownFileType = sourcecode.swift; path = ArrayChoiceTableViewController.swift; sourceTree = "<group>"; };
		BFABCD07201A00CC00450632 /* AlwaysShowPopup.swift */ = {isa = PBXFileReference; lastKnownFileType = sourcecode.swift; path = AlwaysShowPopup.swift; sourceTree = "<group>"; };
/* End PBXFileReference section */

/* Begin PBXFrameworksBuildPhase section */
		BF1447122019F44900FF8C3B /* Frameworks */ = {
			isa = PBXFrameworksBuildPhase;
			buildActionMask = 2147483647;
			files = (
			);
			runOnlyForDeploymentPostprocessing = 0;
		};
/* End PBXFrameworksBuildPhase section */

/* Begin PBXGroup section */
		BF14470C2019F44900FF8C3B = {
			isa = PBXGroup;
			children = (
				BF1447172019F44900FF8C3B /* ChoicePopup */,
				BF1447162019F44900FF8C3B /* Products */,
			);
			sourceTree = "<group>";
		};
		BF1447162019F44900FF8C3B /* Products */ = {
			isa = PBXGroup;
			children = (
				BF1447152019F44900FF8C3B /* ChoicePopup.app */,
			);
			name = Products;
			sourceTree = "<group>";
		};
		BF1447172019F44900FF8C3B /* ChoicePopup */ = {
			isa = PBXGroup;
			children = (
				BF1447182019F44900FF8C3B /* AppDelegate.swift */,
				BF14471A2019F44900FF8C3B /* ExampleViewController.swift */,
				BF14471C2019F44900FF8C3B /* Main.storyboard */,
				BF14471F2019F44900FF8C3B /* Assets.xcassets */,
				BF1447212019F44900FF8C3B /* LaunchScreen.storyboard */,
				BF1447242019F44900FF8C3B /* Info.plist */,
				BFABCD09201A00DF00450632 /* Helper */,
			);
			path = ChoicePopup;
			sourceTree = "<group>";
		};
		BFABCD09201A00DF00450632 /* Helper */ = {
			isa = PBXGroup;
			children = (
				BFABCD052019FF9600450632 /* ArrayChoiceTableViewController.swift */,
				BFABCD07201A00CC00450632 /* AlwaysShowPopup.swift */,
			);
			path = Helper;
			sourceTree = "<group>";
		};
/* End PBXGroup section */

/* Begin PBXNativeTarget section */
		BF1447142019F44900FF8C3B /* ChoicePopup */ = {
			isa = PBXNativeTarget;
			buildConfigurationList = BF1447272019F44900FF8C3B /* Build configuration list for PBXNativeTarget "ChoicePopup" */;
			buildPhases = (
				BF1447112019F44900FF8C3B /* Sources */,
				BF1447122019F44900FF8C3B /* Frameworks */,
				BF1447132019F44900FF8C3B /* Resources */,
			);
			buildRules = (
			);
			dependencies = (
			);
			name = ChoicePopup;
			productName = ChoicePopup;
			productReference = BF1447152019F44900FF8C3B /* ChoicePopup.app */;
			productType = "com.apple.product-type.application";
		};
/* End PBXNativeTarget section */

/* Begin PBXProject section */
		BF14470D2019F44900FF8C3B /* Project object */ = {
			isa = PBXProject;
			attributes = {
				LastSwiftUpdateCheck = 0920;
				LastUpgradeCheck = 0920;
				ORGANIZATIONNAME = "Ralf Ebert";
				TargetAttributes = {
					BF1447142019F44900FF8C3B = {
						CreatedOnToolsVersion = 9.2;
						ProvisioningStyle = Automatic;
					};
				};
			};
			buildConfigurationList = BF1447102019F44900FF8C3B /* Build configuration list for PBXProject "ChoicePopup" */;
			compatibilityVersion = "Xcode 8.0";
			developmentRegion = en;
			hasScannedForEncodings = 0;
			knownRegions = (
				en,
				Base,
			);
			mainGroup = BF14470C2019F44900FF8C3B;
			productRefGroup = BF1447162019F44900FF8C3B /* Products */;
			projectDirPath = "";
			projectRoot = "";
			targets = (
				BF1447142019F44900FF8C3B /* ChoicePopup */,
			);
		};
/* End PBXProject section */

/* Begin PBXResourcesBuildPhase section */
		BF1447132019F44900FF8C3B /* Resources */ = {
			isa = PBXResourcesBuildPhase;
			buildActionMask = 2147483647;
			files = (
				BF1447232019F44900FF8C3B /* LaunchScreen.storyboard in Resources */,
				BF1447202019F44900FF8C3B /* Assets.xcassets in Resources */,
				BF14471E2019F44900FF8C3B /* Main.storyboard in Resources */,
			);
			runOnlyForDeploymentPostprocessing = 0;
		};
/* End PBXResourcesBuildPhase section */

/* Begin PBXSourcesBuildPhase section */
		BF1447112019F44900FF8C3B /* Sources */ = {
			isa = PBXSourcesBuildPhase;
			buildActionMask = 2147483647;
			files = (
				BF14471B2019F44900FF8C3B /* ExampleViewController.swift in Sources */,
				BF1447192019F44900FF8C3B /* AppDelegate.swift in Sources */,
				BFABCD08201A00CC00450632 /* AlwaysShowPopup.swift in Sources */,
				BFABCD062019FF9600450632 /* ArrayChoiceTableViewController.swift in Sources */,
			);
			runOnlyForDeploymentPostprocessing = 0;
		};
/* End PBXSourcesBuildPhase section */

/* Begin PBXVariantGroup section */
		BF14471C2019F44900FF8C3B /* Main.storyboard */ = {
			isa = PBXVariantGroup;
			children = (
				BF14471D2019F44900FF8C3B /* Base */,
			);
			name = Main.storyboard;
			sourceTree = "<group>";
		};
		BF1447212019F44900FF8C3B /* LaunchScreen.storyboard */ = {
			isa = PBXVariantGroup;
			children = (
				BF1447222019F44900FF8C3B /* Base */,
			);
			name = LaunchScreen.storyboard;
			sourceTree = "<group>";
		};
/* End PBXVariantGroup section */

/* Begin XCBuildConfiguration section */
		BF1447252019F44900FF8C3B /* Debug */ = {
			isa = XCBuildConfiguration;
			buildSettings = {
				ALWAYS_SEARCH_USER_PATHS = NO;
				CLANG_ANALYZER_NONNULL = YES;
				CLANG_ANALYZER_NUMBER_OBJECT_CONVERSION = YES_AGGRESSIVE;
				CLANG_CXX_LANGUAGE_STANDARD = "gnu++14";
				CLANG_CXX_LIBRARY = "libc++";
				CLANG_ENABLE_MODULES = YES;
				CLANG_ENABLE_OBJC_ARC = YES;
				CLANG_WARN_BLOCK_CAPTURE_AUTORELEASING = YES;
				CLANG_WARN_BOOL_CONVERSION = YES;
				CLANG_WARN_COMMA = YES;
				CLANG_WARN_CONSTANT_CONVERSION = YES;
				CLANG_WARN_DIRECT_OBJC_ISA_USAGE = YES_ERROR;
				CLANG_WARN_DOCUMENTATION_COMMENTS = YES;
				CLANG_WARN_EMPTY_BODY = YES;
				CLANG_WARN_ENUM_CONVERSION = YES;
				CLANG_WARN_INFINITE_RECURSION = YES;
				CLANG_WARN_INT_CONVERSION = YES;
				CLANG_WARN_NON_LITERAL_NULL_CONVERSION = YES;
				CLANG_WARN_OBJC_LITERAL_CONVERSION = YES;
				CLANG_WARN_OBJC_ROOT_CLASS = YES_ERROR;
				CLANG_WARN_RANGE_LOOP_ANALYSIS = YES;
				CLANG_WARN_STRICT_PROTOTYPES = YES;
				CLANG_WARN_SUSPICIOUS_MOVE = YES;
				CLANG_WARN_UNGUARDED_AVAILABILITY = YES_AGGRESSIVE;
				CLANG_WARN_UNREACHABLE_CODE = YES;
				CLANG_WARN__DUPLICATE_METHOD_MATCH = YES;
				CODE_SIGN_IDENTITY = "iPhone Developer";
				COPY_PHASE_STRIP = NO;
				DEBUG_INFORMATION_FORMAT = dwarf;
				ENABLE_STRICT_OBJC_MSGSEND = YES;
				ENABLE_TESTABILITY = YES;
				GCC_C_LANGUAGE_STANDARD = gnu11;
				GCC_DYNAMIC_NO_PIC = NO;
				GCC_NO_COMMON_BLOCKS = YES;
				GCC_OPTIMIZATION_LEVEL = 0;
				GCC_PREPROCESSOR_DEFINITIONS = (
					"DEBUG=1",
					"$(inherited)",
				);
				GCC_WARN_64_TO_32_BIT_CONVERSION = YES;
				GCC_WARN_ABOUT_RETURN_TYPE = YES_ERROR;
				GCC_WARN_UNDECLARED_SELECTOR = YES;
				GCC_WARN_UNINITIALIZED_AUTOS = YES_AGGRESSIVE;
				GCC_WARN_UNUSED_FUNCTION = YES;
				GCC_WARN_UNUSED_VARIABLE = YES;
				IPHONEOS_DEPLOYMENT_TARGET = 11.2;
				MTL_ENABLE_DEBUG_INFO = YES;
				ONLY_ACTIVE_ARCH = YES;
				SDKROOT = iphoneos;
				SWIFT_ACTIVE_COMPILATION_CONDITIONS = DEBUG;
				SWIFT_OPTIMIZATION_LEVEL = "-Onone";
			};
			name = Debug;
		};
		BF1447262019F44900FF8C3B /* Release */ = {
			isa = XCBuildConfiguration;
			buildSettings = {
				ALWAYS_SEARCH_USER_PATHS = NO;
				CLANG_ANALYZER_NONNULL = YES;
				CLANG_ANALYZER_NUMBER_OBJECT_CONVERSION = YES_AGGRESSIVE;
				CLANG_CXX_LANGUAGE_STANDARD = "gnu++14";
				CLANG_CXX_LIBRARY = "libc++";
				CLANG_ENABLE_MODULES = YES;
				CLANG_ENABLE_OBJC_ARC = YES;
				CLANG_WARN_BLOCK_CAPTURE_AUTORELEASING = YES;
				CLANG_WARN_BOOL_CONVERSION = YES;
				CLANG_WARN_COMMA = YES;
				CLANG_WARN_CONSTANT_CONVERSION = YES;
				CLANG_WARN_DIRECT_OBJC_ISA_USAGE = YES_ERROR;
				CLANG_WARN_DOCUMENTATION_COMMENTS = YES;
				CLANG_WARN_EMPTY_BODY = YES;
				CLANG_WARN_ENUM_CONVERSION = YES;
				CLANG_WARN_INFINITE_RECURSION = YES;
				CLANG_WARN_INT_CONVERSION = YES;
				CLANG_WARN_NON_LITERAL_NULL_CONVERSION = YES;
				CLANG_WARN_OBJC_LITERAL_CONVERSION = YES;
				CLANG_WARN_OBJC_ROOT_CLASS = YES_ERROR;
				CLANG_WARN_RANGE_LOOP_ANALYSIS = YES;
				CLANG_WARN_STRICT_PROTOTYPES = YES;
				CLANG_WARN_SUSPICIOUS_MOVE = YES;
				CLANG_WARN_UNGUARDED_AVAILABILITY = YES_AGGRESSIVE;
				CLANG_WARN_UNREACHABLE_CODE = YES;
				CLANG_WARN__DUPLICATE_METHOD_MATCH = YES;
				CODE_SIGN_IDENTITY = "iPhone Developer";
				COPY_PHASE_STRIP = NO;
				DEBUG_INFORMATION_FORMAT = "dwarf-with-dsym";
				ENABLE_NS_ASSERTIONS = NO;
				ENABLE_STRICT_OBJC_MSGSEND = YES;
				GCC_C_LANGUAGE_STANDARD = gnu11;
				GCC_NO_COMMON_BLOCKS = YES;
				GCC_WARN_64_TO_32_BIT_CONVERSION = YES;
				GCC_WARN_ABOUT_RETURN_TYPE = YES_ERROR;
				GCC_WARN_UNDECLARED_SELECTOR = YES;
				GCC_WARN_UNINITIALIZED_AUTOS = YES_AGGRESSIVE;
				GCC_WARN_UNUSED_FUNCTION = YES;
				GCC_WARN_UNUSED_VARIABLE = YES;
				IPHONEOS_DEPLOYMENT_TARGET = 11.2;
				MTL_ENABLE_DEBUG_INFO = NO;
				SDKROOT = iphoneos;
				SWIFT_OPTIMIZATION_LEVEL = "-Owholemodule";
				VALIDATE_PRODUCT = YES;
			};
			name = Release;
		};
		BF1447282019F44900FF8C3B /* Debug */ = {
			isa = XCBuildConfiguration;
			buildSettings = {
				ASSETCATALOG_COMPILER_APPICON_NAME = AppIcon;
				CODE_SIGN_STYLE = Automatic;
				INFOPLIST_FILE = ChoicePopup/Info.plist;
				LD_RUNPATH_SEARCH_PATHS = "$(inherited) @executable_path/Frameworks";
				PRODUCT_BUNDLE_IDENTIFIER = de.ralfebert.ChoicePopup;
				PRODUCT_NAME = "$(TARGET_NAME)";
				SWIFT_VERSION = 4.0;
				TARGETED_DEVICE_FAMILY = "1,2";
			};
			name = Debug;
		};
		BF1447292019F44900FF8C3B /* Release */ = {
			isa = XCBuildConfiguration;
			buildSettings = {
				ASSETCATALOG_COMPILER_APPICON_NAME = AppIcon;
				CODE_SIGN_STYLE = Automatic;
				INFOPLIST_FILE = ChoicePopup/Info.plist;
				LD_RUNPATH_SEARCH_PATHS = "$(inherited) @executable_path/Frameworks";
				PRODUCT_BUNDLE_IDENTIFIER = de.ralfebert.ChoicePopup;
				PRODUCT_NAME = "$(TARGET_NAME)";
				SWIFT_VERSION = 4.0;
				TARGETED_DEVICE_FAMILY = "1,2";
			};
			name = Release;
		};
/* End XCBuildConfiguration section */

/* Begin XCConfigurationList section */
		BF1447102019F44900FF8C3B /* Build configuration list for PBXProject "ChoicePopup" */ = {
			isa = XCConfigurationList;
			buildConfigurations = (
				BF1447252019F44900FF8C3B /* Debug */,
				BF1447262019F44900FF8C3B /* Release */,
			);
			defaultConfigurationIsVisible = 0;
			defaultConfigurationName = Release;
		};
		BF1447272019F44900FF8C3B /* Build configuration list for PBXNativeTarget "ChoicePopup" */ = {
			isa = XCConfigurationList;
			buildConfigurations = (
				BF1447282019F44900FF8C3B /* Debug */,
				BF1447292019F44900FF8C3B /* Release */,
			);
			defaultConfigurationIsVisible = 0;
			defaultConfigurationName = Release;
		};
/* End XCConfigurationList section */
	};
	rootObject = BF14470D2019F44900FF8C3B /* Project object */;
}
